// !$*UTF8*$!
{
	archiveVersion = 1;
	classes = {
	};
	objectVersion = 55;
	objects = {

/* Begin PBXBuildFile section */
		4C0C3AB1BCA281D9F2B8F792 /* Pods_News_NewsUITests.framework in Frameworks */ = {isa = PBXBuildFile; fileRef = A1DBD4FE1794722EC02ECF22 /* Pods_News_NewsUITests.framework */; };
		5F435109EFFB88C646B9C329 /* Pods_NewsTests.framework in Frameworks */ = {isa = PBXBuildFile; fileRef = 5F07EA7F798153FAF62EF3AF /* Pods_NewsTests.framework */; };
		AEB0445414315890798DE4CF /* Pods_News.framework in Frameworks */ = {isa = PBXBuildFile; fileRef = 460871B0181B73A506A10782 /* Pods_News.framework */; };
		BEC3DA32274C331D00EE0B52 /* AppDelegate.swift in Sources */ = {isa = PBXBuildFile; fileRef = BEC3DA31274C331D00EE0B52 /* AppDelegate.swift */; };
		BEC3DA34274C331D00EE0B52 /* SceneDelegate.swift in Sources */ = {isa = PBXBuildFile; fileRef = BEC3DA33274C331D00EE0B52 /* SceneDelegate.swift */; };
		BEC3DA39274C331D00EE0B52 /* Main.storyboard in Resources */ = {isa = PBXBuildFile; fileRef = BEC3DA37274C331D00EE0B52 /* Main.storyboard */; };
		BEC3DA3B274C332000EE0B52 /* Assets.xcassets in Resources */ = {isa = PBXBuildFile; fileRef = BEC3DA3A274C332000EE0B52 /* Assets.xcassets */; };
		BEC3DA3E274C332000EE0B52 /* LaunchScreen.storyboard in Resources */ = {isa = PBXBuildFile; fileRef = BEC3DA3C274C332000EE0B52 /* LaunchScreen.storyboard */; };
		BEC3DA49274C332100EE0B52 /* NewsTests.swift in Sources */ = {isa = PBXBuildFile; fileRef = BEC3DA48274C332100EE0B52 /* NewsTests.swift */; };
		BEC3DA53274C332100EE0B52 /* NewsUITests.swift in Sources */ = {isa = PBXBuildFile; fileRef = BEC3DA52274C332100EE0B52 /* NewsUITests.swift */; };
		BEC3DA55274C332100EE0B52 /* NewsUITestsLaunchTests.swift in Sources */ = {isa = PBXBuildFile; fileRef = BEC3DA54274C332100EE0B52 /* NewsUITestsLaunchTests.swift */; };
		BEC3DA63274C341200EE0B52 /* NewsTableViewController.swift in Sources */ = {isa = PBXBuildFile; fileRef = BEC3DA62274C341200EE0B52 /* NewsTableViewController.swift */; };
		BEC3DA66274D387400EE0B52 /* Article.swift in Sources */ = {isa = PBXBuildFile; fileRef = BEC3DA65274D387400EE0B52 /* Article.swift */; };
		BEC3DA69274D3CBF00EE0B52 /* ArticleTableViewCell.swift in Sources */ = {isa = PBXBuildFile; fileRef = BEC3DA68274D3CBF00EE0B52 /* ArticleTableViewCell.swift */; };
/* End PBXBuildFile section */

/* Begin PBXContainerItemProxy section */
		BEC3DA45274C332100EE0B52 /* PBXContainerItemProxy */ = {
			isa = PBXContainerItemProxy;
			containerPortal = BEC3DA26274C331D00EE0B52 /* Project object */;
			proxyType = 1;
			remoteGlobalIDString = BEC3DA2D274C331D00EE0B52;
			remoteInfo = News;
		};
		BEC3DA4F274C332100EE0B52 /* PBXContainerItemProxy */ = {
			isa = PBXContainerItemProxy;
			containerPortal = BEC3DA26274C331D00EE0B52 /* Project object */;
			proxyType = 1;
			remoteGlobalIDString = BEC3DA2D274C331D00EE0B52;
			remoteInfo = News;
		};
/* End PBXContainerItemProxy section */

/* Begin PBXFileReference section */
		460871B0181B73A506A10782 /* Pods_News.framework */ = {isa = PBXFileReference; explicitFileType = wrapper.framework; includeInIndex = 0; path = Pods_News.framework; sourceTree = BUILT_PRODUCTS_DIR; };
		5701DB921F118130A98B2AC4 /* Pods-NewsTests.release.xcconfig */ = {isa = PBXFileReference; includeInIndex = 1; lastKnownFileType = text.xcconfig; name = "Pods-NewsTests.release.xcconfig"; path = "Target Support Files/Pods-NewsTests/Pods-NewsTests.release.xcconfig"; sourceTree = "<group>"; };
		5F07EA7F798153FAF62EF3AF /* Pods_NewsTests.framework */ = {isa = PBXFileReference; explicitFileType = wrapper.framework; includeInIndex = 0; path = Pods_NewsTests.framework; sourceTree = BUILT_PRODUCTS_DIR; };
		82F37DED76F2665D63C7A346 /* Pods-News-NewsUITests.release.xcconfig */ = {isa = PBXFileReference; includeInIndex = 1; lastKnownFileType = text.xcconfig; name = "Pods-News-NewsUITests.release.xcconfig"; path = "Target Support Files/Pods-News-NewsUITests/Pods-News-NewsUITests.release.xcconfig"; sourceTree = "<group>"; };
		9916E848E232277F127E996A /* Pods-News.debug.xcconfig */ = {isa = PBXFileReference; includeInIndex = 1; lastKnownFileType = text.xcconfig; name = "Pods-News.debug.xcconfig"; path = "Target Support Files/Pods-News/Pods-News.debug.xcconfig"; sourceTree = "<group>"; };
		9E288AA3D44EB0A7120AAC99 /* Pods-NewsTests.debug.xcconfig */ = {isa = PBXFileReference; includeInIndex = 1; lastKnownFileType = text.xcconfig; name = "Pods-NewsTests.debug.xcconfig"; path = "Target Support Files/Pods-NewsTests/Pods-NewsTests.debug.xcconfig"; sourceTree = "<group>"; };
		A1DBD4FE1794722EC02ECF22 /* Pods_News_NewsUITests.framework */ = {isa = PBXFileReference; explicitFileType = wrapper.framework; includeInIndex = 0; path = Pods_News_NewsUITests.framework; sourceTree = BUILT_PRODUCTS_DIR; };
		BEC3DA2E274C331D00EE0B52 /* News.app */ = {isa = PBXFileReference; explicitFileType = wrapper.application; includeInIndex = 0; path = News.app; sourceTree = BUILT_PRODUCTS_DIR; };
		BEC3DA31274C331D00EE0B52 /* AppDelegate.swift */ = {isa = PBXFileReference; lastKnownFileType = sourcecode.swift; path = AppDelegate.swift; sourceTree = "<group>"; };
		BEC3DA33274C331D00EE0B52 /* SceneDelegate.swift */ = {isa = PBXFileReference; lastKnownFileType = sourcecode.swift; path = SceneDelegate.swift; sourceTree = "<group>"; };
		BEC3DA38274C331D00EE0B52 /* Base */ = {isa = PBXFileReference; lastKnownFileType = file.storyboard; name = Base; path = Base.lproj/Main.storyboard; sourceTree = "<group>"; };
		BEC3DA3A274C332000EE0B52 /* Assets.xcassets */ = {isa = PBXFileReference; lastKnownFileType = folder.assetcatalog; path = Assets.xcassets; sourceTree = "<group>"; };
		BEC3DA3D274C332000EE0B52 /* Base */ = {isa = PBXFileReference; lastKnownFileType = file.storyboard; name = Base; path = Base.lproj/LaunchScreen.storyboard; sourceTree = "<group>"; };
		BEC3DA3F274C332000EE0B52 /* Info.plist */ = {isa = PBXFileReference; lastKnownFileType = text.plist.xml; path = Info.plist; sourceTree = "<group>"; };
		BEC3DA44274C332100EE0B52 /* NewsTests.xctest */ = {isa = PBXFileReference; explicitFileType = wrapper.cfbundle; includeInIndex = 0; path = NewsTests.xctest; sourceTree = BUILT_PRODUCTS_DIR; };
		BEC3DA48274C332100EE0B52 /* NewsTests.swift */ = {isa = PBXFileReference; lastKnownFileType = sourcecode.swift; path = NewsTests.swift; sourceTree = "<group>"; };
		BEC3DA4E274C332100EE0B52 /* NewsUITests.xctest */ = {isa = PBXFileReference; explicitFileType = wrapper.cfbundle; includeInIndex = 0; path = NewsUITests.xctest; sourceTree = BUILT_PRODUCTS_DIR; };
		BEC3DA52274C332100EE0B52 /* NewsUITests.swift */ = {isa = PBXFileReference; lastKnownFileType = sourcecode.swift; path = NewsUITests.swift; sourceTree = "<group>"; };
		BEC3DA54274C332100EE0B52 /* NewsUITestsLaunchTests.swift */ = {isa = PBXFileReference; lastKnownFileType = sourcecode.swift; path = NewsUITestsLaunchTests.swift; sourceTree = "<group>"; };
		BEC3DA62274C341200EE0B52 /* NewsTableViewController.swift */ = {isa = PBXFileReference; lastKnownFileType = sourcecode.swift; path = NewsTableViewController.swift; sourceTree = "<group>"; };
		BEC3DA65274D387400EE0B52 /* Article.swift */ = {isa = PBXFileReference; lastKnownFileType = sourcecode.swift; path = Article.swift; sourceTree = "<group>"; };
		BEC3DA68274D3CBF00EE0B52 /* ArticleTableViewCell.swift */ = {isa = PBXFileReference; lastKnownFileType = sourcecode.swift; path = ArticleTableViewCell.swift; sourceTree = "<group>"; };
		CD967B8E8741FA25515F335D /* Pods-News.release.xcconfig */ = {isa = PBXFileReference; includeInIndex = 1; lastKnownFileType = text.xcconfig; name = "Pods-News.release.xcconfig"; path = "Target Support Files/Pods-News/Pods-News.release.xcconfig"; sourceTree = "<group>"; };
		F5F61B62F1B54BB38D0F0198 /* Pods-News-NewsUITests.debug.xcconfig */ = {isa = PBXFileReference; includeInIndex = 1; lastKnownFileType = text.xcconfig; name = "Pods-News-NewsUITests.debug.xcconfig"; path = "Target Support Files/Pods-News-NewsUITests/Pods-News-NewsUITests.debug.xcconfig"; sourceTree = "<group>"; };
/* End PBXFileReference section */

/* Begin PBXFrameworksBuildPhase section */
		BEC3DA2B274C331D00EE0B52 /* Frameworks */ = {
			isa = PBXFrameworksBuildPhase;
			buildActionMask = 2147483647;
			files = (
				AEB0445414315890798DE4CF /* Pods_News.framework in Frameworks */,
			);
			runOnlyForDeploymentPostprocessing = 0;
		};
		BEC3DA41274C332100EE0B52 /* Frameworks */ = {
			isa = PBXFrameworksBuildPhase;
			buildActionMask = 2147483647;
			files = (
				5F435109EFFB88C646B9C329 /* Pods_NewsTests.framework in Frameworks */,
			);
			runOnlyForDeploymentPostprocessing = 0;
		};
		BEC3DA4B274C332100EE0B52 /* Frameworks */ = {
			isa = PBXFrameworksBuildPhase;
			buildActionMask = 2147483647;
			files = (
				4C0C3AB1BCA281D9F2B8F792 /* Pods_News_NewsUITests.framework in Frameworks */,
			);
			runOnlyForDeploymentPostprocessing = 0;
		};
/* End PBXFrameworksBuildPhase section */

/* Begin PBXGroup section */
		147F4412BBE8466CD08D12BB /* Pods */ = {
			isa = PBXGroup;
			children = (
				9916E848E232277F127E996A /* Pods-News.debug.xcconfig */,
				CD967B8E8741FA25515F335D /* Pods-News.release.xcconfig */,
				F5F61B62F1B54BB38D0F0198 /* Pods-News-NewsUITests.debug.xcconfig */,
				82F37DED76F2665D63C7A346 /* Pods-News-NewsUITests.release.xcconfig */,
				9E288AA3D44EB0A7120AAC99 /* Pods-NewsTests.debug.xcconfig */,
				5701DB921F118130A98B2AC4 /* Pods-NewsTests.release.xcconfig */,
			);
			path = Pods;
			sourceTree = "<group>";
		};
		65C1255DD360C4FC4A09EE65 /* Frameworks */ = {
			isa = PBXGroup;
			children = (
				460871B0181B73A506A10782 /* Pods_News.framework */,
				A1DBD4FE1794722EC02ECF22 /* Pods_News_NewsUITests.framework */,
				5F07EA7F798153FAF62EF3AF /* Pods_NewsTests.framework */,
			);
			name = Frameworks;
			sourceTree = "<group>";
		};
		BEC3DA25274C331D00EE0B52 = {
			isa = PBXGroup;
			children = (
				BEC3DA30274C331D00EE0B52 /* News */,
				BEC3DA47274C332100EE0B52 /* NewsTests */,
				BEC3DA51274C332100EE0B52 /* NewsUITests */,
				BEC3DA2F274C331D00EE0B52 /* Products */,
				147F4412BBE8466CD08D12BB /* Pods */,
				65C1255DD360C4FC4A09EE65 /* Frameworks */,
			);
			sourceTree = "<group>";
		};
		BEC3DA2F274C331D00EE0B52 /* Products */ = {
			isa = PBXGroup;
			children = (
				BEC3DA2E274C331D00EE0B52 /* News.app */,
				BEC3DA44274C332100EE0B52 /* NewsTests.xctest */,
				BEC3DA4E274C332100EE0B52 /* NewsUITests.xctest */,
			);
			name = Products;
			sourceTree = "<group>";
		};
		BEC3DA30274C331D00EE0B52 /* News */ = {
			isa = PBXGroup;
			children = (
				BEC3DA67274D3CA500EE0B52 /* Cells */,
				BEC3DA64274D386300EE0B52 /* Models */,
				BEC3DA31274C331D00EE0B52 /* AppDelegate.swift */,
				BEC3DA33274C331D00EE0B52 /* SceneDelegate.swift */,
				BEC3DA37274C331D00EE0B52 /* Main.storyboard */,
				BEC3DA3A274C332000EE0B52 /* Assets.xcassets */,
				BEC3DA3C274C332000EE0B52 /* LaunchScreen.storyboard */,
				BEC3DA3F274C332000EE0B52 /* Info.plist */,
				BEC3DA62274C341200EE0B52 /* NewsTableViewController.swift */,
			);
			path = News;
			sourceTree = "<group>";
		};
		BEC3DA47274C332100EE0B52 /* NewsTests */ = {
			isa = PBXGroup;
			children = (
				BEC3DA48274C332100EE0B52 /* NewsTests.swift */,
			);
			path = NewsTests;
			sourceTree = "<group>";
		};
		BEC3DA51274C332100EE0B52 /* NewsUITests */ = {
			isa = PBXGroup;
			children = (
				BEC3DA52274C332100EE0B52 /* NewsUITests.swift */,
				BEC3DA54274C332100EE0B52 /* NewsUITestsLaunchTests.swift */,
			);
			path = NewsUITests;
			sourceTree = "<group>";
		};
		BEC3DA64274D386300EE0B52 /* Models */ = {
			isa = PBXGroup;
			children = (
				BEC3DA65274D387400EE0B52 /* Article.swift */,
			);
			path = Models;
			sourceTree = "<group>";
		};
		BEC3DA67274D3CA500EE0B52 /* Cells */ = {
			isa = PBXGroup;
			children = (
				BEC3DA68274D3CBF00EE0B52 /* ArticleTableViewCell.swift */,
			);
			path = Cells;
			sourceTree = "<group>";
		};
/* End PBXGroup section */

/* Begin PBXNativeTarget section */
		BEC3DA2D274C331D00EE0B52 /* News */ = {
			isa = PBXNativeTarget;
			buildConfigurationList = BEC3DA58274C332100EE0B52 /* Build configuration list for PBXNativeTarget "News" */;
			buildPhases = (
				742A6659263F2CD2631FDC3A /* [CP] Check Pods Manifest.lock */,
				BEC3DA2A274C331D00EE0B52 /* Sources */,
				BEC3DA2B274C331D00EE0B52 /* Frameworks */,
				BEC3DA2C274C331D00EE0B52 /* Resources */,
				14D55B72683B1A4ED7315265 /* [CP] Embed Pods Frameworks */,
			);
			buildRules = (
			);
			dependencies = (
			);
			name = News;
			productName = News;
			productReference = BEC3DA2E274C331D00EE0B52 /* News.app */;
			productType = "com.apple.product-type.application";
		};
		BEC3DA43274C332100EE0B52 /* NewsTests */ = {
			isa = PBXNativeTarget;
			buildConfigurationList = BEC3DA5B274C332100EE0B52 /* Build configuration list for PBXNativeTarget "NewsTests" */;
			buildPhases = (
				8B93F51A2AD0501FE0307012 /* [CP] Check Pods Manifest.lock */,
				BEC3DA40274C332100EE0B52 /* Sources */,
				BEC3DA41274C332100EE0B52 /* Frameworks */,
				BEC3DA42274C332100EE0B52 /* Resources */,
			);
			buildRules = (
			);
			dependencies = (
				BEC3DA46274C332100EE0B52 /* PBXTargetDependency */,
			);
			name = NewsTests;
			productName = NewsTests;
			productReference = BEC3DA44274C332100EE0B52 /* NewsTests.xctest */;
			productType = "com.apple.product-type.bundle.unit-test";
		};
		BEC3DA4D274C332100EE0B52 /* NewsUITests */ = {
			isa = PBXNativeTarget;
			buildConfigurationList = BEC3DA5E274C332100EE0B52 /* Build configuration list for PBXNativeTarget "NewsUITests" */;
			buildPhases = (
				C7A05FE20516F83F3E1A2AF8 /* [CP] Check Pods Manifest.lock */,
				BEC3DA4A274C332100EE0B52 /* Sources */,
				BEC3DA4B274C332100EE0B52 /* Frameworks */,
				BEC3DA4C274C332100EE0B52 /* Resources */,
				2816FCFBA7BAEE21DD91527E /* [CP] Embed Pods Frameworks */,
			);
			buildRules = (
			);
			dependencies = (
				BEC3DA50274C332100EE0B52 /* PBXTargetDependency */,
			);
			name = NewsUITests;
			productName = NewsUITests;
			productReference = BEC3DA4E274C332100EE0B52 /* NewsUITests.xctest */;
			productType = "com.apple.product-type.bundle.ui-testing";
		};
/* End PBXNativeTarget section */

/* Begin PBXProject section */
		BEC3DA26274C331D00EE0B52 /* Project object */ = {
			isa = PBXProject;
			attributes = {
				BuildIndependentTargetsInParallel = 1;
				LastSwiftUpdateCheck = 1310;
				LastUpgradeCheck = 1310;
				TargetAttributes = {
					BEC3DA2D274C331D00EE0B52 = {
						CreatedOnToolsVersion = 13.1;
					};
					BEC3DA43274C332100EE0B52 = {
						CreatedOnToolsVersion = 13.1;
						TestTargetID = BEC3DA2D274C331D00EE0B52;
					};
					BEC3DA4D274C332100EE0B52 = {
						CreatedOnToolsVersion = 13.1;
						TestTargetID = BEC3DA2D274C331D00EE0B52;
					};
				};
			};
			buildConfigurationList = BEC3DA29274C331D00EE0B52 /* Build configuration list for PBXProject "News" */;
			compatibilityVersion = "Xcode 13.0";
			developmentRegion = en;
			hasScannedForEncodings = 0;
			knownRegions = (
				en,
				Base,
			);
			mainGroup = BEC3DA25274C331D00EE0B52;
			productRefGroup = BEC3DA2F274C331D00EE0B52 /* Products */;
			projectDirPath = "";
			projectRoot = "";
			targets = (
				BEC3DA2D274C331D00EE0B52 /* News */,
				BEC3DA43274C332100EE0B52 /* NewsTests */,
				BEC3DA4D274C332100EE0B52 /* NewsUITests */,
			);
		};
/* End PBXProject section */

/* Begin PBXResourcesBuildPhase section */
		BEC3DA2C274C331D00EE0B52 /* Resources */ = {
			isa = PBXResourcesBuildPhase;
			buildActionMask = 2147483647;
			files = (
				BEC3DA3E274C332000EE0B52 /* LaunchScreen.storyboard in Resources */,
				BEC3DA3B274C332000EE0B52 /* Assets.xcassets in Resources */,
				BEC3DA39274C331D00EE0B52 /* Main.storyboard in Resources */,
			);
			runOnlyForDeploymentPostprocessing = 0;
		};
		BEC3DA42274C332100EE0B52 /* Resources */ = {
			isa = PBXResourcesBuildPhase;
			buildActionMask = 2147483647;
			files = (
			);
			runOnlyForDeploymentPostprocessing = 0;
		};
		BEC3DA4C274C332100EE0B52 /* Resources */ = {
			isa = PBXResourcesBuildPhase;
			buildActionMask = 2147483647;
			files = (
			);
			runOnlyForDeploymentPostprocessing = 0;
		};
/* End PBXResourcesBuildPhase section */

/* Begin PBXShellScriptBuildPhase section */
		14D55B72683B1A4ED7315265 /* [CP] Embed Pods Frameworks */ = {
			isa = PBXShellScriptBuildPhase;
			buildActionMask = 2147483647;
			files = (
			);
			inputFileListPaths = (
				"${PODS_ROOT}/Target Support Files/Pods-News/Pods-News-frameworks-${CONFIGURATION}-input-files.xcfilelist",
			);
			name = "[CP] Embed Pods Frameworks";
			outputFileListPaths = (
				"${PODS_ROOT}/Target Support Files/Pods-News/Pods-News-frameworks-${CONFIGURATION}-output-files.xcfilelist",
			);
			runOnlyForDeploymentPostprocessing = 0;
			shellPath = /bin/sh;
			shellScript = "\"${PODS_ROOT}/Target Support Files/Pods-News/Pods-News-frameworks.sh\"\n";
			showEnvVarsInLog = 0;
		};
		2816FCFBA7BAEE21DD91527E /* [CP] Embed Pods Frameworks */ = {
			isa = PBXShellScriptBuildPhase;
			buildActionMask = 2147483647;
			files = (
			);
			inputFileListPaths = (
				"${PODS_ROOT}/Target Support Files/Pods-News-NewsUITests/Pods-News-NewsUITests-frameworks-${CONFIGURATION}-input-files.xcfilelist",
			);
			name = "[CP] Embed Pods Frameworks";
			outputFileListPaths = (
				"${PODS_ROOT}/Target Support Files/Pods-News-NewsUITests/Pods-News-NewsUITests-frameworks-${CONFIGURATION}-output-files.xcfilelist",
			);
			runOnlyForDeploymentPostprocessing = 0;
			shellPath = /bin/sh;
			shellScript = "\"${PODS_ROOT}/Target Support Files/Pods-News-NewsUITests/Pods-News-NewsUITests-frameworks.sh\"\n";
			showEnvVarsInLog = 0;
		};
		742A6659263F2CD2631FDC3A /* [CP] Check Pods Manifest.lock */ = {
			isa = PBXShellScriptBuildPhase;
			buildActionMask = 2147483647;
			files = (
			);
			inputFileListPaths = (
			);
			inputPaths = (
				"${PODS_PODFILE_DIR_PATH}/Podfile.lock",
				"${PODS_ROOT}/Manifest.lock",
			);
			name = "[CP] Check Pods Manifest.lock";
			outputFileListPaths = (
			);
			outputPaths = (
				"$(DERIVED_FILE_DIR)/Pods-News-checkManifestLockResult.txt",
			);
			runOnlyForDeploymentPostprocessing = 0;
			shellPath = /bin/sh;
			shellScript = "diff \"${PODS_PODFILE_DIR_PATH}/Podfile.lock\" \"${PODS_ROOT}/Manifest.lock\" > /dev/null\nif [ $? != 0 ] ; then\n    # print error to STDERR\n    echo \"error: The sandbox is not in sync with the Podfile.lock. Run 'pod install' or update your CocoaPods installation.\" >&2\n    exit 1\nfi\n# This output is used by Xcode 'outputs' to avoid re-running this script phase.\necho \"SUCCESS\" > \"${SCRIPT_OUTPUT_FILE_0}\"\n";
			showEnvVarsInLog = 0;
		};
		8B93F51A2AD0501FE0307012 /* [CP] Check Pods Manifest.lock */ = {
			isa = PBXShellScriptBuildPhase;
			buildActionMask = 2147483647;
			files = (
			);
			inputFileListPaths = (
			);
			inputPaths = (
				"${PODS_PODFILE_DIR_PATH}/Podfile.lock",
				"${PODS_ROOT}/Manifest.lock",
			);
			name = "[CP] Check Pods Manifest.lock";
			outputFileListPaths = (
			);
			outputPaths = (
				"$(DERIVED_FILE_DIR)/Pods-NewsTests-checkManifestLockResult.txt",
			);
			runOnlyForDeploymentPostprocessing = 0;
			shellPath = /bin/sh;
			shellScript = "diff \"${PODS_PODFILE_DIR_PATH}/Podfile.lock\" \"${PODS_ROOT}/Manifest.lock\" > /dev/null\nif [ $? != 0 ] ; then\n    # print error to STDERR\n    echo \"error: The sandbox is not in sync with the Podfile.lock. Run 'pod install' or update your CocoaPods installation.\" >&2\n    exit 1\nfi\n# This output is used by Xcode 'outputs' to avoid re-running this script phase.\necho \"SUCCESS\" > \"${SCRIPT_OUTPUT_FILE_0}\"\n";
			showEnvVarsInLog = 0;
		};
		C7A05FE20516F83F3E1A2AF8 /* [CP] Check Pods Manifest.lock */ = {
			isa = PBXShellScriptBuildPhase;
			buildActionMask = 2147483647;
			files = (
			);
			inputFileListPaths = (
			);
			inputPaths = (
				"${PODS_PODFILE_DIR_PATH}/Podfile.lock",
				"${PODS_ROOT}/Manifest.lock",
			);
			name = "[CP] Check Pods Manifest.lock";
			outputFileListPaths = (
			);
			outputPaths = (
				"$(DERIVED_FILE_DIR)/Pods-News-NewsUITests-checkManifestLockResult.txt",
			);
			runOnlyForDeploymentPostprocessing = 0;
			shellPath = /bin/sh;
			shellScript = "diff \"${PODS_PODFILE_DIR_PATH}/Podfile.lock\" \"${PODS_ROOT}/Manifest.lock\" > /dev/null\nif [ $? != 0 ] ; then\n    # print error to STDERR\n    echo \"error: The sandbox is not in sync with the Podfile.lock. Run 'pod install' or update your CocoaPods installation.\" >&2\n    exit 1\nfi\n# This output is used by Xcode 'outputs' to avoid re-running this script phase.\necho \"SUCCESS\" > \"${SCRIPT_OUTPUT_FILE_0}\"\n";
			showEnvVarsInLog = 0;
		};
/* End PBXShellScriptBuildPhase section */

/* Begin PBXSourcesBuildPhase section */
		BEC3DA2A274C331D00EE0B52 /* Sources */ = {
			isa = PBXSourcesBuildPhase;
			buildActionMask = 2147483647;
			files = (
				BEC3DA69274D3CBF00EE0B52 /* ArticleTableViewCell.swift in Sources */,
				BEC3DA66274D387400EE0B52 /* Article.swift in Sources */,
				BEC3DA32274C331D00EE0B52 /* AppDelegate.swift in Sources */,
				BEC3DA34274C331D00EE0B52 /* SceneDelegate.swift in Sources */,
				BEC3DA63274C341200EE0B52 /* NewsTableViewController.swift in Sources */,
			);
			runOnlyForDeploymentPostprocessing = 0;
		};
		BEC3DA40274C332100EE0B52 /* Sources */ = {
			isa = PBXSourcesBuildPhase;
			buildActionMask = 2147483647;
			files = (
				BEC3DA49274C332100EE0B52 /* NewsTests.swift in Sources */,
			);
			runOnlyForDeploymentPostprocessing = 0;
		};
		BEC3DA4A274C332100EE0B52 /* Sources */ = {
			isa = PBXSourcesBuildPhase;
			buildActionMask = 2147483647;
			files = (
				BEC3DA53274C332100EE0B52 /* NewsUITests.swift in Sources */,
				BEC3DA55274C332100EE0B52 /* NewsUITestsLaunchTests.swift in Sources */,
			);
			runOnlyForDeploymentPostprocessing = 0;
		};
/* End PBXSourcesBuildPhase section */

/* Begin PBXTargetDependency section */
		BEC3DA46274C332100EE0B52 /* PBXTargetDependency */ = {
			isa = PBXTargetDependency;
			target = BEC3DA2D274C331D00EE0B52 /* News */;
			targetProxy = BEC3DA45274C332100EE0B52 /* PBXContainerItemProxy */;
		};
		BEC3DA50274C332100EE0B52 /* PBXTargetDependency */ = {
			isa = PBXTargetDependency;
			target = BEC3DA2D274C331D00EE0B52 /* News */;
			targetProxy = BEC3DA4F274C332100EE0B52 /* PBXContainerItemProxy */;
		};
/* End PBXTargetDependency section */

/* Begin PBXVariantGroup section */
		BEC3DA37274C331D00EE0B52 /* Main.storyboard */ = {
			isa = PBXVariantGroup;
			children = (
				BEC3DA38274C331D00EE0B52 /* Base */,
			);
			name = Main.storyboard;
			sourceTree = "<group>";
		};
		BEC3DA3C274C332000EE0B52 /* LaunchScreen.storyboard */ = {
			isa = PBXVariantGroup;
			children = (
				BEC3DA3D274C332000EE0B52 /* Base */,
			);
			name = LaunchScreen.storyboard;
			sourceTree = "<group>";
		};
/* End PBXVariantGroup section */

/* Begin XCBuildConfiguration section */
		BEC3DA56274C332100EE0B52 /* Debug */ = {
			isa = XCBuildConfiguration;
			buildSettings = {
				ALWAYS_SEARCH_USER_PATHS = NO;
				CLANG_ANALYZER_NONNULL = YES;
				CLANG_ANALYZER_NUMBER_OBJECT_CONVERSION = YES_AGGRESSIVE;
				CLANG_CXX_LANGUAGE_STANDARD = "gnu++17";
				CLANG_CXX_LIBRARY = "libc++";
				CLANG_ENABLE_MODULES = YES;
				CLANG_ENABLE_OBJC_ARC = YES;
				CLANG_ENABLE_OBJC_WEAK = YES;
				CLANG_WARN_BLOCK_CAPTURE_AUTORELEASING = YES;
				CLANG_WARN_BOOL_CONVERSION = YES;
				CLANG_WARN_COMMA = YES;
				CLANG_WARN_CONSTANT_CONVERSION = YES;
				CLANG_WARN_DEPRECATED_OBJC_IMPLEMENTATIONS = YES;
				CLANG_WARN_DIRECT_OBJC_ISA_USAGE = YES_ERROR;
				CLANG_WARN_DOCUMENTATION_COMMENTS = YES;
				CLANG_WARN_EMPTY_BODY = YES;
				CLANG_WARN_ENUM_CONVERSION = YES;
				CLANG_WARN_INFINITE_RECURSION = YES;
				CLANG_WARN_INT_CONVERSION = YES;
				CLANG_WARN_NON_LITERAL_NULL_CONVERSION = YES;
				CLANG_WARN_OBJC_IMPLICIT_RETAIN_SELF = YES;
				CLANG_WARN_OBJC_LITERAL_CONVERSION = YES;
				CLANG_WARN_OBJC_ROOT_CLASS = YES_ERROR;
				CLANG_WARN_QUOTED_INCLUDE_IN_FRAMEWORK_HEADER = YES;
				CLANG_WARN_RANGE_LOOP_ANALYSIS = YES;
				CLANG_WARN_STRICT_PROTOTYPES = YES;
				CLANG_WARN_SUSPICIOUS_MOVE = YES;
				CLANG_WARN_UNGUARDED_AVAILABILITY = YES_AGGRESSIVE;
				CLANG_WARN_UNREACHABLE_CODE = YES;
				CLANG_WARN__DUPLICATE_METHOD_MATCH = YES;
				COPY_PHASE_STRIP = NO;
				DEBUG_INFORMATION_FORMAT = dwarf;
				ENABLE_STRICT_OBJC_MSGSEND = YES;
				ENABLE_TESTABILITY = YES;
				GCC_C_LANGUAGE_STANDARD = gnu11;
				GCC_DYNAMIC_NO_PIC = NO;
				GCC_NO_COMMON_BLOCKS = YES;
				GCC_OPTIMIZATION_LEVEL = 0;
				GCC_PREPROCESSOR_DEFINITIONS = (
					"DEBUG=1",
					"$(inherited)",
				);
				GCC_WARN_64_TO_32_BIT_CONVERSION = YES;
				GCC_WARN_ABOUT_RETURN_TYPE = YES_ERROR;
				GCC_WARN_UNDECLARED_SELECTOR = YES;
				GCC_WARN_UNINITIALIZED_AUTOS = YES_AGGRESSIVE;
				GCC_WARN_UNUSED_FUNCTION = YES;
				GCC_WARN_UNUSED_VARIABLE = YES;
				IPHONEOS_DEPLOYMENT_TARGET = 15.0;
				MTL_ENABLE_DEBUG_INFO = INCLUDE_SOURCE;
				MTL_FAST_MATH = YES;
				ONLY_ACTIVE_ARCH = YES;
				SDKROOT = iphoneos;
				SWIFT_ACTIVE_COMPILATION_CONDITIONS = DEBUG;
				SWIFT_OPTIMIZATION_LEVEL = "-Onone";
			};
			name = Debug;
		};
		BEC3DA57274C332100EE0B52 /* Release */ = {
			isa = XCBuildConfiguration;
			buildSettings = {
				ALWAYS_SEARCH_USER_PATHS = NO;
				CLANG_ANALYZER_NONNULL = YES;
				CLANG_ANALYZER_NUMBER_OBJECT_CONVERSION = YES_AGGRESSIVE;
				CLANG_CXX_LANGUAGE_STANDARD = "gnu++17";
				CLANG_CXX_LIBRARY = "libc++";
				CLANG_ENABLE_MODULES = YES;
				CLANG_ENABLE_OBJC_ARC = YES;
				CLANG_ENABLE_OBJC_WEAK = YES;
				CLANG_WARN_BLOCK_CAPTURE_AUTORELEASING = YES;
				CLANG_WARN_BOOL_CONVERSION = YES;
				CLANG_WARN_COMMA = YES;
				CLANG_WARN_CONSTANT_CONVERSION = YES;
				CLANG_WARN_DEPRECATED_OBJC_IMPLEMENTATIONS = YES;
				CLANG_WARN_DIRECT_OBJC_ISA_USAGE = YES_ERROR;
				CLANG_WARN_DOCUMENTATION_COMMENTS = YES;
				CLANG_WARN_EMPTY_BODY = YES;
				CLANG_WARN_ENUM_CONVERSION = YES;
				CLANG_WARN_INFINITE_RECURSION = YES;
				CLANG_WARN_INT_CONVERSION = YES;
				CLANG_WARN_NON_LITERAL_NULL_CONVERSION = YES;
				CLANG_WARN_OBJC_IMPLICIT_RETAIN_SELF = YES;
				CLANG_WARN_OBJC_LITERAL_CONVERSION = YES;
				CLANG_WARN_OBJC_ROOT_CLASS = YES_ERROR;
				CLANG_WARN_QUOTED_INCLUDE_IN_FRAMEWORK_HEADER = YES;
				CLANG_WARN_RANGE_LOOP_ANALYSIS = YES;
				CLANG_WARN_STRICT_PROTOTYPES = YES;
				CLANG_WARN_SUSPICIOUS_MOVE = YES;
				CLANG_WARN_UNGUARDED_AVAILABILITY = YES_AGGRESSIVE;
				CLANG_WARN_UNREACHABLE_CODE = YES;
				CLANG_WARN__DUPLICATE_METHOD_MATCH = YES;
				COPY_PHASE_STRIP = NO;
				DEBUG_INFORMATION_FORMAT = "dwarf-with-dsym";
				ENABLE_NS_ASSERTIONS = NO;
				ENABLE_STRICT_OBJC_MSGSEND = YES;
				GCC_C_LANGUAGE_STANDARD = gnu11;
				GCC_NO_COMMON_BLOCKS = YES;
				GCC_WARN_64_TO_32_BIT_CONVERSION = YES;
				GCC_WARN_ABOUT_RETURN_TYPE = YES_ERROR;
				GCC_WARN_UNDECLARED_SELECTOR = YES;
				GCC_WARN_UNINITIALIZED_AUTOS = YES_AGGRESSIVE;
				GCC_WARN_UNUSED_FUNCTION = YES;
				GCC_WARN_UNUSED_VARIABLE = YES;
				IPHONEOS_DEPLOYMENT_TARGET = 15.0;
				MTL_ENABLE_DEBUG_INFO = NO;
				MTL_FAST_MATH = YES;
				SDKROOT = iphoneos;
				SWIFT_COMPILATION_MODE = wholemodule;
				SWIFT_OPTIMIZATION_LEVEL = "-O";
				VALIDATE_PRODUCT = YES;
			};
			name = Release;
		};
		BEC3DA59274C332100EE0B52 /* Debug */ = {
			isa = XCBuildConfiguration;
			baseConfigurationReference = 9916E848E232277F127E996A /* Pods-News.debug.xcconfig */;
			buildSettings = {
				ASSETCATALOG_COMPILER_APPICON_NAME = AppIcon;
				ASSETCATALOG_COMPILER_GLOBAL_ACCENT_COLOR_NAME = AccentColor;
				CODE_SIGN_STYLE = Automatic;
				CURRENT_PROJECT_VERSION = 1;
				DEVELOPMENT_TEAM = U8QW34F5ZR;
				GENERATE_INFOPLIST_FILE = YES;
				INFOPLIST_FILE = News/Info.plist;
				INFOPLIST_KEY_UIApplicationSupportsIndirectInputEvents = YES;
				INFOPLIST_KEY_UILaunchStoryboardName = LaunchScreen;
				INFOPLIST_KEY_UIMainStoryboardFile = Main;
				INFOPLIST_KEY_UISupportedInterfaceOrientations_iPad = "UIInterfaceOrientationPortrait UIInterfaceOrientationPortraitUpsideDown UIInterfaceOrientationLandscapeLeft UIInterfaceOrientationLandscapeRight";
				INFOPLIST_KEY_UISupportedInterfaceOrientations_iPhone = "UIInterfaceOrientationPortrait UIInterfaceOrientationLandscapeLeft UIInterfaceOrientationLandscapeRight";
				LD_RUNPATH_SEARCH_PATHS = (
					"$(inherited)",
					"@executable_path/Frameworks",
				);
				MARKETING_VERSION = 1.0;
				PRODUCT_BUNDLE_IDENTIFIER = com.sepehrafla.News;
				PRODUCT_NAME = "$(TARGET_NAME)";
				SWIFT_EMIT_LOC_STRINGS = YES;
				SWIFT_VERSION = 5.0;
				TARGETED_DEVICE_FAMILY = "1,2";
			};
			name = Debug;
		};
		BEC3DA5A274C332100EE0B52 /* Release */ = {
			isa = XCBuildConfiguration;
			baseConfigurationReference = CD967B8E8741FA25515F335D /* Pods-News.release.xcconfig */;
			buildSettings = {
				ASSETCATALOG_COMPILER_APPICON_NAME = AppIcon;
				ASSETCATALOG_COMPILER_GLOBAL_ACCENT_COLOR_NAME = AccentColor;
				CODE_SIGN_STYLE = Automatic;
				CURRENT_PROJECT_VERSION = 1;
				DEVELOPMENT_TEAM = U8QW34F5ZR;
				GENERATE_INFOPLIST_FILE = YES;
				INFOPLIST_FILE = News/Info.plist;
				INFOPLIST_KEY_UIApplicationSupportsIndirectInputEvents = YES;
				INFOPLIST_KEY_UILaunchStoryboardName = LaunchScreen;
				INFOPLIST_KEY_UIMainStoryboardFile = Main;
				INFOPLIST_KEY_UISupportedInterfaceOrientations_iPad = "UIInterfaceOrientationPortrait UIInterfaceOrientationPortraitUpsideDown UIInterfaceOrientationLandscapeLeft UIInterfaceOrientationLandscapeRight";
				INFOPLIST_KEY_UISupportedInterfaceOrientations_iPhone = "UIInterfaceOrientationPortrait UIInterfaceOrientationLandscapeLeft UIInterfaceOrientationLandscapeRight";
				LD_RUNPATH_SEARCH_PATHS = (
					"$(inherited)",
					"@executable_path/Frameworks",
				);
				MARKETING_VERSION = 1.0;
				PRODUCT_BUNDLE_IDENTIFIER = com.sepehrafla.News;
				PRODUCT_NAME = "$(TARGET_NAME)";
				SWIFT_EMIT_LOC_STRINGS = YES;
				SWIFT_VERSION = 5.0;
				TARGETED_DEVICE_FAMILY = "1,2";
			};
			name = Release;
		};
		BEC3DA5C274C332100EE0B52 /* Debug */ = {
			isa = XCBuildConfiguration;
			baseConfigurationReference = 9E288AA3D44EB0A7120AAC99 /* Pods-NewsTests.debug.xcconfig */;
			buildSettings = {
				ALWAYS_EMBED_SWIFT_STANDARD_LIBRARIES = YES;
				BUNDLE_LOADER = "$(TEST_HOST)";
				CODE_SIGN_STYLE = Automatic;
				CURRENT_PROJECT_VERSION = 1;
				DEVELOPMENT_TEAM = U8QW34F5ZR;
				GENERATE_INFOPLIST_FILE = YES;
				IPHONEOS_DEPLOYMENT_TARGET = 15.0;
				LD_RUNPATH_SEARCH_PATHS = (
					"$(inherited)",
					"@executable_path/Frameworks",
					"@loader_path/Frameworks",
				);
				MARKETING_VERSION = 1.0;
				PRODUCT_BUNDLE_IDENTIFIER = com.sepehrafla.NewsTests;
				PRODUCT_NAME = "$(TARGET_NAME)";
				SWIFT_EMIT_LOC_STRINGS = NO;
				SWIFT_VERSION = 5.0;
				TARGETED_DEVICE_FAMILY = "1,2";
				TEST_HOST = "$(BUILT_PRODUCTS_DIR)/News.app/News";
			};
			name = Debug;
		};
		BEC3DA5D274C332100EE0B52 /* Release */ = {
			isa = XCBuildConfiguration;
			baseConfigurationReference = 5701DB921F118130A98B2AC4 /* Pods-NewsTests.release.xcconfig */;
			buildSettings = {
				ALWAYS_EMBED_SWIFT_STANDARD_LIBRARIES = YES;
				BUNDLE_LOADER = "$(TEST_HOST)";
				CODE_SIGN_STYLE = Automatic;
				CURRENT_PROJECT_VERSION = 1;
				DEVELOPMENT_TEAM = U8QW34F5ZR;
				GENERATE_INFOPLIST_FILE = YES;
				IPHONEOS_DEPLOYMENT_TARGET = 15.0;
				LD_RUNPATH_SEARCH_PATHS = (
					"$(inherited)",
					"@executable_path/Frameworks",
					"@loader_path/Frameworks",
				);
				MARKETING_VERSION = 1.0;
				PRODUCT_BUNDLE_IDENTIFIER = com.sepehrafla.NewsTests;
				PRODUCT_NAME = "$(TARGET_NAME)";
				SWIFT_EMIT_LOC_STRINGS = NO;
				SWIFT_VERSION = 5.0;
				TARGETED_DEVICE_FAMILY = "1,2";
				TEST_HOST = "$(BUILT_PRODUCTS_DIR)/News.app/News";
			};
			name = Release;
		};
		BEC3DA5F274C332100EE0B52 /* Debug */ = {
			isa = XCBuildConfiguration;
			baseConfigurationReference = F5F61B62F1B54BB38D0F0198 /* Pods-News-NewsUITests.debug.xcconfig */;
			buildSettings = {
				ALWAYS_EMBED_SWIFT_STANDARD_LIBRARIES = YES;
				CODE_SIGN_STYLE = Automatic;
				CURRENT_PROJECT_VERSION = 1;
				DEVELOPMENT_TEAM = U8QW34F5ZR;
				GENERATE_INFOPLIST_FILE = YES;
				LD_RUNPATH_SEARCH_PATHS = (
					"$(inherited)",
					"@executable_path/Frameworks",
					"@loader_path/Frameworks",
				);
				MARKETING_VERSION = 1.0;
				PRODUCT_BUNDLE_IDENTIFIER = com.sepehrafla.NewsUITests;
				PRODUCT_NAME = "$(TARGET_NAME)";
				SWIFT_EMIT_LOC_STRINGS = NO;
				SWIFT_VERSION = 5.0;
				TARGETED_DEVICE_FAMILY = "1,2";
				TEST_TARGET_NAME = News;
			};
			name = Debug;
		};
		BEC3DA60274C332100EE0B52 /* Release */ = {
			isa = XCBuildConfiguration;
			baseConfigurationReference = 82F37DED76F2665D63C7A346 /* Pods-News-NewsUITests.release.xcconfig */;
			buildSettings = {
				ALWAYS_EMBED_SWIFT_STANDARD_LIBRARIES = YES;
				CODE_SIGN_STYLE = Automatic;
				CURRENT_PROJECT_VERSION = 1;
				DEVELOPMENT_TEAM = U8QW34F5ZR;
				GENERATE_INFOPLIST_FILE = YES;
				LD_RUNPATH_SEARCH_PATHS = (
					"$(inherited)",
					"@executable_path/Frameworks",
					"@loader_path/Frameworks",
				);
				MARKETING_VERSION = 1.0;
				PRODUCT_BUNDLE_IDENTIFIER = com.sepehrafla.NewsUITests;
				PRODUCT_NAME = "$(TARGET_NAME)";
				SWIFT_EMIT_LOC_STRINGS = NO;
				SWIFT_VERSION = 5.0;
				TARGETED_DEVICE_FAMILY = "1,2";
				TEST_TARGET_NAME = News;
			};
			name = Release;
		};
/* End XCBuildConfiguration section */

/* Begin XCConfigurationList section */
		BEC3DA29274C331D00EE0B52 /* Build configuration list for PBXProject "News" */ = {
			isa = XCConfigurationList;
			buildConfigurations = (
				BEC3DA56274C332100EE0B52 /* Debug */,
				BEC3DA57274C332100EE0B52 /* Release */,
			);
			defaultConfigurationIsVisible = 0;
			defaultConfigurationName = Release;
		};
		BEC3DA58274C332100EE0B52 /* Build configuration list for PBXNativeTarget "News" */ = {
			isa = XCConfigurationList;
			buildConfigurations = (
				BEC3DA59274C332100EE0B52 /* Debug */,
				BEC3DA5A274C332100EE0B52 /* Release */,
			);
			defaultConfigurationIsVisible = 0;
			defaultConfigurationName = Release;
		};
		BEC3DA5B274C332100EE0B52 /* Build configuration list for PBXNativeTarget "NewsTests" */ = {
			isa = XCConfigurationList;
			buildConfigurations = (
				BEC3DA5C274C332100EE0B52 /* Debug */,
				BEC3DA5D274C332100EE0B52 /* Release */,
			);
			defaultConfigurationIsVisible = 0;
			defaultConfigurationName = Release;
		};
		BEC3DA5E274C332100EE0B52 /* Build configuration list for PBXNativeTarget "NewsUITests" */ = {
			isa = XCConfigurationList;
			buildConfigurations = (
				BEC3DA5F274C332100EE0B52 /* Debug */,
				BEC3DA60274C332100EE0B52 /* Release */,
			);
			defaultConfigurationIsVisible = 0;
			defaultConfigurationName = Release;
		};
/* End XCConfigurationList section */
	};
	rootObject = BEC3DA26274C331D00EE0B52 /* Project object */;
}
